# THIS IS AN AUTOGENERATED FILE. DO NOT EDIT THIS FILE DIRECTLY.
# yarn lockfile v1


abstract-syntax-tree@^2.21.1:
  version "2.21.1"
  resolved "https://registry.yarnpkg.com/abstract-syntax-tree/-/abstract-syntax-tree-2.21.1.tgz#7d1cdbc651c9a4f57240b9665e151fd32c7dc830"
  integrity sha512-RP/n3s6gqZj7ZhstZtgxLCNws6riVxw+CYjQRyXq6RmLhndsBW0a+arwlGAkJjeH7Jp6+40rxoveAOCBRBF6ZA==
  dependencies:
    ast-types "0.14.2"
    astring "^1.8.6"
    esquery "^1.5.0"
    meriyah "^4.3.7"
    pure-conditions "^1.2.1"
    source-map "^0.7.4"

ast-types@0.14.2:
  version "0.14.2"
  resolved "https://registry.yarnpkg.com/ast-types/-/ast-types-0.14.2.tgz#600b882df8583e3cd4f2df5fa20fa83759d4bdfd"
  integrity sha512-O0yuUDnZeQDL+ncNGlJ78BiO4jnYI3bvMsD5prT0/nsgijG/LpNBIr63gTjVTNsiGkgQhiyCShTgxt8oXOrklA==
  dependencies:
    tslib "^2.0.1"

astring@^1.8.6:
  version "1.8.6"
  resolved "https://registry.yarnpkg.com/astring/-/astring-1.8.6.tgz#2c9c157cf1739d67561c56ba896e6948f6b93731"
  integrity sha512-ISvCdHdlTDlH5IpxQJIex7BWBywFWgjJSVdwst+/iQCoEYnyOaQ95+X1JGshuBjGp6nxKUy1jMgE3zPqN7fQdg==

esquery@^1.5.0:
  version "1.5.0"
  resolved "https://registry.yarnpkg.com/esquery/-/esquery-1.5.0.tgz#6ce17738de8577694edd7361c57182ac8cb0db0b"
  integrity sha512-YQLXUplAwJgCydQ78IMJywZCceoqk1oH01OERdSAJc/7U2AylwjhSCLDEtqwg811idIS/9fIU5GjG73IgjKMVg==
  dependencies:
    estraverse "^5.1.0"

estraverse@^5.1.0:
  version "5.3.0"
  resolved "https://registry.yarnpkg.com/estraverse/-/estraverse-5.3.0.tgz#2eea5290702f26ab8fe5370370ff86c965d21123"
  integrity sha512-MMdARuVEQziNTeJD8DgMqmhwR11BRQ/cBP+pLtYdSTnf3MIO8fFeiINEbX36ZdNlfU/7A9f3gUw49B3oQsvwBA==

meriyah@^4.3.7:
  version "4.3.7"
  resolved "https://registry.yarnpkg.com/meriyah/-/meriyah-4.3.7.tgz#f931998e7b608a2c8dd4ad3bb4039819db234bb9"
  integrity sha512-JAlSOUqFU/rmLy2CEdZO5hN5E5dyUj1f4AlRR4GCQMjfobvd5lcm9JLkrqq0MgVaLQ/Zur590A+0RyUZhj0b5A==

pure-conditions@^1.2.1:
  version "1.2.1"
  resolved "https://registry.yarnpkg.com/pure-conditions/-/pure-conditions-1.2.1.tgz#de3717e2bd9b6eae07b6c68257cfa3332818ffef"
  integrity sha512-MKk7sKQiR3Fe3bL/QedUZ1eVoNO0xpOCyiTGdVrK+4ZCDa9TgwNp6D/U1FthjhVGS9a857BS84WncvZvOYECUw==

source-map@^0.7.4:
  version "0.7.4"
  resolved "https://registry.yarnpkg.com/source-map/-/source-map-0.7.4.tgz#a9bbe705c9d8846f4e08ff6765acf0f1b0898656"
  integrity sha512-l3BikUxvPOcn5E74dZiq5BGsTb5yEwhaTSzccU6t4sDOH8NWJCstKO5QT2CvtFoK6F0saL7p9xHAqHOlCPJygA==

tslib@^2.0.1:
  version "2.6.2"
  resolved "https://registry.yarnpkg.com/tslib/-/tslib-2.6.2.tgz#703ac29425e7b37cd6fd456e92404d46d1f3e4ae"
  integrity sha512-AEYxH93jGFPn/a2iVAwW87VuUIkR1FVUKB77NwMF7nBTDkDrrT/Hpt/IrCJ0QXhW27jTBDcf5ZY7w6RiqTMw2Q==
