# THIS IS AN AUTOGENERATED FILE. DO NOT EDIT THIS FILE DIRECTLY.
# yarn lockfile v1


abstract-syntax-tree@^2.20.6:
  version "2.20.6"
  resolved "https://registry.yarnpkg.com/abstract-syntax-tree/-/abstract-syntax-tree-2.20.6.tgz#399d69f8939e2c2bec3fbf6b95360c3e50ba8ac7"
  integrity sha512-3ziZ1Z8XqERIBoe6gv1G1YOqMeEA9JkmUElVzMj4BscwpYJ82SwePXPK6RU//bDZaOzX+eTvHLm1rX+yzCJdSg==
  dependencies:
    ast-types "0.14.2"
    astring "^1.8.1"
    esquery "^1.4.0"
    estraverse "^5.3.0"
    meriyah "^4.2.1"
    source-map "0.7.3"

ast-types@0.14.2:
  version "0.14.2"
  resolved "https://registry.yarnpkg.com/ast-types/-/ast-types-0.14.2.tgz#600b882df8583e3cd4f2df5fa20fa83759d4bdfd"
  integrity sha512-O0yuUDnZeQDL+ncNGlJ78BiO4jnYI3bvMsD5prT0/nsgijG/LpNBIr63gTjVTNsiGkgQhiyCShTgxt8oXOrklA==
  dependencies:
    tslib "^2.0.1"

astring@^1.8.1:
  version "1.8.5"
  resolved "https://registry.yarnpkg.com/astring/-/astring-1.8.5.tgz#d5b95ce508e8987e32ab14ee62b4a0ac21de6938"
  integrity sha512-TuBbdn7jWVzf8dmFGTaRpW8qgANtWLi1qJLnkfGO5uVf6jf9f/F4B1H35tnOI+qVYZo3p3i8WZlbZOuPAE0wEA==

esquery@^1.4.0:
  version "1.5.0"
  resolved "https://registry.yarnpkg.com/esquery/-/esquery-1.5.0.tgz#6ce17738de8577694edd7361c57182ac8cb0db0b"
  integrity sha512-YQLXUplAwJgCydQ78IMJywZCceoqk1oH01OERdSAJc/7U2AylwjhSCLDEtqwg811idIS/9fIU5GjG73IgjKMVg==
  dependencies:
    estraverse "^5.1.0"

estraverse@^5.1.0, estraverse@^5.3.0:
  version "5.3.0"
  resolved "https://registry.yarnpkg.com/estraverse/-/estraverse-5.3.0.tgz#2eea5290702f26ab8fe5370370ff86c965d21123"
  integrity sha512-MMdARuVEQziNTeJD8DgMqmhwR11BRQ/cBP+pLtYdSTnf3MIO8fFeiINEbX36ZdNlfU/7A9f3gUw49B3oQsvwBA==

meriyah@^4.2.1:
  version "4.3.7"
  resolved "https://registry.yarnpkg.com/meriyah/-/meriyah-4.3.7.tgz#f931998e7b608a2c8dd4ad3bb4039819db234bb9"
  integrity sha512-JAlSOUqFU/rmLy2CEdZO5hN5E5dyUj1f4AlRR4GCQMjfobvd5lcm9JLkrqq0MgVaLQ/Zur590A+0RyUZhj0b5A==

source-map@0.7.3:
  version "0.7.3"
  resolved "https://registry.yarnpkg.com/source-map/-/source-map-0.7.3.tgz#5302f8169031735226544092e64981f751750383"
  integrity sha512-CkCj6giN3S+n9qrYiBTX5gystlENnRW5jZeNLHpe6aue+SrHcG5VYwujhW9s4dY31mEGsxBDrHR6oI69fTXsaQ==

tslib@^2.0.1:
  version "2.5.2"
  resolved "https://registry.yarnpkg.com/tslib/-/tslib-2.5.2.tgz#1b6f07185c881557b0ffa84b111a0106989e8338"
  integrity sha512-5svOrSA2w3iGFDs1HibEVBGbDrAY82bFQ3HZ3ixB+88nsbsWQoKqDRb5UBYAUPEzbBn6dAp5gRNXglySbx1MlA==
